{
  "name": "quazonai-native-codex",
  "version": "2.0.0-dev.1",
  "lockfileVersion": 3,
  "requires": true,
  "packages": {
    "": {
      "name": "quazonai-native-codex",
      "version": "2.0.0-dev.1",
      "dependencies": {
        "@openai/codex": "0.156.1"
      }
    },
    "node_modules/@openai/codex": {
      "version": "0.156.1",
      "resolved": "https://registry.npmjs.org/@openai/codex/-/codex-0.156.1.tgz",
      "integrity": "sha512-nI1iVl/n2SO2lSvlwEsJx63zdSI4C4Me2gR7AG0OWMJiGSakz2tY2hx43E39Zq5aEoeB5bZjJXzp5Sqhog6vyA==",
      "license": "Apache-2.0",
      "bin": {
        "codex": "bin/codex.js"
      },
      "engines": {
        "node": ">=16"
      },
      "optionalDependencies": {
        "@openai/codex-darwin-arm64": "npm:@openai/codex@0.156.1-darwin-arm64",
        "@openai/codex-darwin-x64": "npm:@openai/codex@0.156.1-darwin-x64",
        "@openai/codex-linux-arm64": "npm:@openai/codex@0.156.1-linux-arm64",
        "@openai/codex-linux-x64": "npm:@openai/codex@0.156.1-linux-x64",
        "@openai/codex-win32-arm64": "npm:@openai/codex@0.156.1-win32-arm64",
        "@openai/codex-win32-x64": "npm:@openai/codex@0.156.1-win32-x64"
      }
    },
    "node_modules/@openai/codex-darwin-arm64": {
      "name": "@openai/codex",
      "version": "0.156.1-darwin-arm64",
      "resolved": "https://registry.npmjs.org/@openai/codex/-/codex-0.156.1-darwin-arm64.tgz",
      "integrity": "sha512-Jg6wbdV+wmMZczhwE74GSxOYEZlViKXn6KyCw/yfrz3PAKFD14xljuPopmdhWC1+8IKU2WdN5fdmXNPt2q4HPA==",
      "cpu": [
        "arm64"
      ],
      "license": "Apache-2.0",
      "optional": true,
      "os": [
        "darwin"
      ],
      "engines": {
        "node": ">=16"
      }
    },
    "node_modules/@openai/codex-darwin-x64": {
      "name": "@openai/codex",
      "version": "0.156.1-darwin-x64",
      "resolved": "https://registry.npmjs.org/@openai/codex/-/codex-0.156.1-darwin-x64.tgz",
      "integrity": "sha512-BVjqNOoltWrnNUrgMRepvDIIBmd4XY+ikAE4pYVHlrwiizNlEWQuCQOTrFMJKp54LFRG8jDTjLZyYQ1QrliuOg==",
      "cpu": [
        "x64"
      ],
      "license": "Apache-2.0",
      "optional": true,
      "os": [
        "darwin"
      ],
      "engines": {
        "node": ">=16"
      }
    },
    "node_modules/@openai/codex-linux-arm64": {
      "name": "@openai/codex",
      "version": "0.156.1-linux-arm64",
      "resolved": "https://registry.npmjs.org/@openai/codex/-/codex-0.156.1-linux-arm64.tgz",
      "integrity": "sha512-sTEHk31C12dqzJdjZ2u9KLFCXKL04KyCM+QheSjdQI8uzmVJS7aEF2/qAqFxXwk/jwMzC9u7IihfoIlAGR6YsA==",
      "cpu": [
        "arm64"
      ],
      "license": "Apache-2.0",
      "optional": true,
      "os": [
        "linux"
      ],
      "engines": {
        "node": ">=16"
      }
    },
    "node_modules/@openai/codex-linux-x64": {
      "name": "@openai/codex",
      "version": "0.156.1-linux-x64",
      "resolved": "https://registry.npmjs.org/@openai/codex/-/codex-0.156.1-linux-x64.tgz",
      "integrity": "sha512-2ePo0wgOcnONKsuzp8vBjOmNY+IdsKaouaDDIdiKq9HOWNuV/GI22OeXft2A/1GaoL71ictO0/pLAsCEnQ6wew==",
      "cpu": [
        "x64"
      ],
      "license": "Apache-2.0",
      "optional": true,
      "os": [
        "linux"
      ],
      "engines": {
        "node": ">=16"
      }
    },
    "node_modules/@openai/codex-win32-arm64": {
      "name": "@openai/codex",
      "version": "0.156.1-win32-arm64",
      "resolved": "https://registry.npmjs.org/@openai/codex/-/codex-0.156.1-win32-arm64.tgz",
      "integrity": "sha512-e5DsyOHlKWulTBz/neIczpcYLQDqtaLtBj2lgncOgeQw5mlAQVZHlGvKsoKVcEPUKLb8opIMJBxXi6cz3JJ4hg==",
      "cpu": [
        "arm64"
      ],
      "license": "Apache-2.0",
      "optional": true,
      "os": [
        "win32"
      ],
      "engines": {
        "node": ">=16"
      }
    },
    "node_modules/@openai/codex-win32-x64": {
      "name": "@openai/codex",
      "version": "0.156.1-win32-x64",
      "resolved": "https://registry.npmjs.org/@openai/codex/-/codex-0.156.1-win32-x64.tgz",
      "integrity": "sha512-MJyLxbBs2zzp5kbaR/99Zwe7SmbrwUkveTcT+ayYlO48V0nYh0eU+h2lalBwvC7VJ/ya/bXnUtISJfJKhGCD/g==",
      "cpu": [
        "x64"
      ],
      "license": "Apache-2.0",
      "optional": true,
      "os": [
        "win32"
      ],
      "engines": {
        "node": ">=16"
      }
    }
  }
}
